
Microsoft Visual Studio Solution File, Format Version 12.00
# Visual Studio Version 16
VisualStudioVersion = 16.0.29709.97
MinimumVisualStudioVersion = 10.0.40219.1
Project("{FAE04EC0-301F-11D3-BF4B-00C04F79EFBC}") = "практ4-02", "практ4-02\практ4-02.csproj", "{830E5252-1C8D-4A6E-86DA-6052C1EB1927}"
EndProject
Global
	GlobalSection(SolutionConfigurationPlatforms) = preSolution
		Debug|Any CPU = Debug|Any CPU
		Release|Any CPU = Release|Any CPU
	EndGlobalSection
	GlobalSection(ProjectConfigurationPlatforms) = postSolution
		{830E5252-1C8D-4A6E-86DA-6052C1EB1927}.Debug|Any CPU.ActiveCfg = Debug|Any CPU
		{830E5252-1C8D-4A6E-86DA-6052C1EB1927}.Debug|Any CPU.Build.0 = Debug|Any CPU
		{830E5252-1C8D-4A6E-86DA-6052C1EB1927}.Release|Any CPU.ActiveCfg = Release|Any CPU
		{830E5252-1C8D-4A6E-86DA-6052C1EB1927}.Release|Any CPU.Build.0 = Release|Any CPU
	EndGlobalSection
	GlobalSection(SolutionProperties) = preSolution
		HideSolutionNode = FALSE
	EndGlobalSection
	GlobalSection(ExtensibilityGlobals) = postSolution
		SolutionGuid = {93DF282E-64F1-48A5-AAFC-31A53602935F}
	EndGlobalSection
EndGlobal
